
Microsoft Visual Studio Solution File, Format Version 12.00
# Visual Studio Version 17
VisualStudioVersion = 17.14.36616.10
MinimumVisualStudioVersion = 10.0.40219.1
Project("{FAE04EC0-301F-11D3-BF4B-00C04F79EFBC}") = "broCodeCalculator", "broCodeCalculator\broCodeCalculator.csproj", "{D3AD7EFE-E65D-47A0-9103-0A1B1A9BBAB0}"
EndProject
Project("{FAE04EC0-301F-11D3-BF4B-00C04F79EFBC}") = "xUnit_broCodeCalculator", "xUnit_broCodeCalculator\xUnit_broCodeCalculator.csproj", "{EECA9E3B-5CCF-4955-8ECF-D2AFF22442E6}"
EndProject
Global
	GlobalSection(SolutionConfigurationPlatforms) = preSolution
		Debug|Any CPU = Debug|Any CPU
		Release|Any CPU = Release|Any CPU
	EndGlobalSection
	GlobalSection(ProjectConfigurationPlatforms) = postSolution
		{D3AD7EFE-E65D-47A0-9103-0A1B1A9BBAB0}.Debug|Any CPU.ActiveCfg = Debug|Any CPU
		{D3AD7EFE-E65D-47A0-9103-0A1B1A9BBAB0}.Debug|Any CPU.Build.0 = Debug|Any CPU
		{D3AD7EFE-E65D-47A0-9103-0A1B1A9BBAB0}.Release|Any CPU.ActiveCfg = Release|Any CPU
		{D3AD7EFE-E65D-47A0-9103-0A1B1A9BBAB0}.Release|Any CPU.Build.0 = Release|Any CPU
		{EECA9E3B-5CCF-4955-8ECF-D2AFF22442E6}.Debug|Any CPU.ActiveCfg = Debug|Any CPU
		{EECA9E3B-5CCF-4955-8ECF-D2AFF22442E6}.Debug|Any CPU.Build.0 = Debug|Any CPU
		{EECA9E3B-5CCF-4955-8ECF-D2AFF22442E6}.Release|Any CPU.ActiveCfg = Release|Any CPU
		{EECA9E3B-5CCF-4955-8ECF-D2AFF22442E6}.Release|Any CPU.Build.0 = Release|Any CPU
	EndGlobalSection
	GlobalSection(SolutionProperties) = preSolution
		HideSolutionNode = FALSE
	EndGlobalSection
	GlobalSection(ExtensibilityGlobals) = postSolution
		SolutionGuid = {88061073-64D4-4054-A785-90438A0892F6}
	EndGlobalSection
EndGlobal
